
Microsoft Visual Studio Solution File, Format Version 12.00
# Visual Studio Version 17
VisualStudioVersion = 17.3.32922.545
MinimumVisualStudioVersion = 10.0.40219.1
Project("{FAE04EC0-301F-11D3-BF4B-00C04F79EFBC}") = "Makler", "Makler.csproj", "{47131FB5-EC9A-4C7F-B326-47967164BE72}"
EndProject
Global
	GlobalSection(SolutionConfigurationPlatforms) = preSolution
		Debug|Any CPU = Debug|Any CPU
		Release|Any CPU = Release|Any CPU
	EndGlobalSection
	GlobalSection(ProjectConfigurationPlatforms) = postSolution
		{47131FB5-EC9A-4C7F-B326-47967164BE72}.Debug|Any CPU.ActiveCfg = Debug|Any CPU
		{47131FB5-EC9A-4C7F-B326-47967164BE72}.Debug|Any CPU.Build.0 = Debug|Any CPU
		{47131FB5-EC9A-4C7F-B326-47967164BE72}.Release|Any CPU.ActiveCfg = Release|Any CPU
		{47131FB5-EC9A-4C7F-B326-47967164BE72}.Release|Any CPU.Build.0 = Release|Any CPU
	EndGlobalSection
	GlobalSection(SolutionProperties) = preSolution
		HideSolutionNode = FALSE
	EndGlobalSection
	GlobalSection(ExtensibilityGlobals) = postSolution
		SolutionGuid = {83A892BA-6E31-4A68-81A0-84FE5BD9D8B9}
	EndGlobalSection
EndGlobal
